
Microsoft Visual Studio Solution File, Format Version 11.00
# Visual Studio 2010
Project("{FAE04EC0-301F-11D3-BF4B-00C04F79EFBC}") = "PornCantina", "PornCantina\PornCantina.csproj", "{7715C242-9A40-457F-A92F-F5EB17076E73}"
EndProject
Project("{FAE04EC0-301F-11D3-BF4B-00C04F79EFBC}") = "AutomationFramework", "..\AutomationFramework\AutomationFramework.csproj", "{BFCB3AA2-286E-4BFD-908A-46CB66620376}"
EndProject
Project("{FAE04EC0-301F-11D3-BF4B-00C04F79EFBC}") = "PornCantina.UIAutomation", "..\PornCantina.UIAutomation\PornCantina.UIAutomation.csproj", "{2975A1B5-3160-44B3-9CAC-3617EDB23AC7}"
EndProject
Project("{2150E333-8FDC-42A3-9474-1A3956D46DE8}") = ".nuget", ".nuget", "{5DD208D6-D210-483A-B309-36789808375F}"
	ProjectSection(SolutionItems) = preProject
		.nuget\NuGet.Config = .nuget\NuGet.Config
		.nuget\NuGet.exe = .nuget\NuGet.exe
		.nuget\NuGet.targets = .nuget\NuGet.targets
	EndProjectSection
EndProject
Global
	GlobalSection(SolutionConfigurationPlatforms) = preSolution
		Debug|Any CPU = Debug|Any CPU
		Debug|Mixed Platforms = Debug|Mixed Platforms
		Debug|x86 = Debug|x86
		Release|Any CPU = Release|Any CPU
		Release|Mixed Platforms = Release|Mixed Platforms
		Release|x86 = Release|x86
	EndGlobalSection
	GlobalSection(ProjectConfigurationPlatforms) = postSolution
		{7715C242-9A40-457F-A92F-F5EB17076E73}.Debug|Any CPU.ActiveCfg = Debug|Any CPU
		{7715C242-9A40-457F-A92F-F5EB17076E73}.Debug|Any CPU.Build.0 = Debug|Any CPU
		{7715C242-9A40-457F-A92F-F5EB17076E73}.Debug|Mixed Platforms.ActiveCfg = Debug|Any CPU
		{7715C242-9A40-457F-A92F-F5EB17076E73}.Debug|Mixed Platforms.Build.0 = Debug|Any CPU
		{7715C242-9A40-457F-A92F-F5EB17076E73}.Debug|x86.ActiveCfg = Debug|Any CPU
		{7715C242-9A40-457F-A92F-F5EB17076E73}.Release|Any CPU.ActiveCfg = Release|Any CPU
		{7715C242-9A40-457F-A92F-F5EB17076E73}.Release|Any CPU.Build.0 = Release|Any CPU
		{7715C242-9A40-457F-A92F-F5EB17076E73}.Release|Mixed Platforms.ActiveCfg = Release|Any CPU
		{7715C242-9A40-457F-A92F-F5EB17076E73}.Release|Mixed Platforms.Build.0 = Release|Any CPU
		{7715C242-9A40-457F-A92F-F5EB17076E73}.Release|x86.ActiveCfg = Release|Any CPU
		{BFCB3AA2-286E-4BFD-908A-46CB66620376}.Debug|Any CPU.ActiveCfg = Debug|x86
		{BFCB3AA2-286E-4BFD-908A-46CB66620376}.Debug|Mixed Platforms.ActiveCfg = Debug|x86
		{BFCB3AA2-286E-4BFD-908A-46CB66620376}.Debug|Mixed Platforms.Build.0 = Debug|x86
		{BFCB3AA2-286E-4BFD-908A-46CB66620376}.Debug|x86.ActiveCfg = Debug|x86
		{BFCB3AA2-286E-4BFD-908A-46CB66620376}.Debug|x86.Build.0 = Debug|x86
		{BFCB3AA2-286E-4BFD-908A-46CB66620376}.Release|Any CPU.ActiveCfg = Release|x86
		{BFCB3AA2-286E-4BFD-908A-46CB66620376}.Release|Mixed Platforms.ActiveCfg = Release|x86
		{BFCB3AA2-286E-4BFD-908A-46CB66620376}.Release|Mixed Platforms.Build.0 = Release|x86
		{BFCB3AA2-286E-4BFD-908A-46CB66620376}.Release|x86.ActiveCfg = Release|x86
		{BFCB3AA2-286E-4BFD-908A-46CB66620376}.Release|x86.Build.0 = Release|x86
		{2975A1B5-3160-44B3-9CAC-3617EDB23AC7}.Debug|Any CPU.ActiveCfg = Debug|Any CPU
		{2975A1B5-3160-44B3-9CAC-3617EDB23AC7}.Debug|Any CPU.Build.0 = Debug|Any CPU
		{2975A1B5-3160-44B3-9CAC-3617EDB23AC7}.Debug|Mixed Platforms.ActiveCfg = Debug|Any CPU
		{2975A1B5-3160-44B3-9CAC-3617EDB23AC7}.Debug|Mixed Platforms.Build.0 = Debug|Any CPU
		{2975A1B5-3160-44B3-9CAC-3617EDB23AC7}.Debug|x86.ActiveCfg = Debug|Any CPU
		{2975A1B5-3160-44B3-9CAC-3617EDB23AC7}.Release|Any CPU.ActiveCfg = Release|Any CPU
		{2975A1B5-3160-44B3-9CAC-3617EDB23AC7}.Release|Any CPU.Build.0 = Release|Any CPU
		{2975A1B5-3160-44B3-9CAC-3617EDB23AC7}.Release|Mixed Platforms.ActiveCfg = Release|Any CPU
		{2975A1B5-3160-44B3-9CAC-3617EDB23AC7}.Release|Mixed Platforms.Build.0 = Release|Any CPU
		{2975A1B5-3160-44B3-9CAC-3617EDB23AC7}.Release|x86.ActiveCfg = Release|Any CPU
	EndGlobalSection
	GlobalSection(SolutionProperties) = preSolution
		HideSolutionNode = FALSE
	EndGlobalSection
EndGlobal
